
Microsoft Visual Studio Solution File, Format Version 12.00
# Visual Studio Version 16
VisualStudioVersion = 16.0.30717.126
MinimumVisualStudioVersion = 10.0.40219.1
Project("{FAE04EC0-301F-11D3-BF4B-00C04F79EFBC}") = "ZealandClimate", "ZealandClimate.csproj", "{ECE73B1B-5A4D-4E3C-AA7D-7283853D0987}"
EndProject
Global
	GlobalSection(SolutionConfigurationPlatforms) = preSolution
		Debug|Any CPU = Debug|Any CPU
		Release|Any CPU = Release|Any CPU
	EndGlobalSection
	GlobalSection(ProjectConfigurationPlatforms) = postSolution
		{ECE73B1B-5A4D-4E3C-AA7D-7283853D0987}.Debug|Any CPU.ActiveCfg = Debug|Any CPU
		{ECE73B1B-5A4D-4E3C-AA7D-7283853D0987}.Debug|Any CPU.Build.0 = Debug|Any CPU
		{ECE73B1B-5A4D-4E3C-AA7D-7283853D0987}.Release|Any CPU.ActiveCfg = Release|Any CPU
		{ECE73B1B-5A4D-4E3C-AA7D-7283853D0987}.Release|Any CPU.Build.0 = Release|Any CPU
	EndGlobalSection
	GlobalSection(SolutionProperties) = preSolution
		HideSolutionNode = FALSE
	EndGlobalSection
	GlobalSection(ExtensibilityGlobals) = postSolution
		SolutionGuid = {6DB00E41-A148-4777-9582-253995BF9D96}
	EndGlobalSection
EndGlobal
